PODS:
  - ffmpeg_kit_flutter_new (1.0.0):
    - ffmpeg_kit_flutter_new/full-gpl-lts (= 1.0.0)
    - Flutter
  - ffmpeg_kit_flutter_new/full-gpl-lts (1.0.0):
    - Flutter
  - Flutter (1.0.0)
  - gallery_saver_plus (0.0.1):
    - Flutter
  - libwebp (1.5.0):
    - libwebp/demux (= 1.5.0)
    - libwebp/mux (= 1.5.0)
    - libwebp/sharpyuv (= 1.5.0)
    - libwebp/webp (= 1.5.0)
  - libwebp/demux (1.5.0):
    - libwebp/webp
  - libwebp/mux (1.5.0):
    - libwebp/demux
  - libwebp/sharpyuv (1.5.0)
  - libwebp/webp (1.5.0):
    - libwebp/sharpyuv
  - open_file_ios (1.0.3):
    - Flutter
  - permission_handler_apple (9.3.0):
    - Flutter
  - video_thumbnail (0.0.1):
    - Flutter
    - libwebp

DEPENDENCIES:
  - ffmpeg_kit_flutter_new (from `.symlinks/plugins/ffmpeg_kit_flutter_new/ios`)
  - Flutter (from `Flutter`)
  - gallery_saver_plus (from `.symlinks/plugins/gallery_saver_plus/ios`)
  - open_file_ios (from `.symlinks/plugins/open_file_ios/ios`)
  - permission_handler_apple (from `.symlinks/plugins/permission_handler_apple/ios`)
  - video_thumbnail (from `.symlinks/plugins/video_thumbnail/ios`)

SPEC REPOS:
  trunk:
    - libwebp

EXTERNAL SOURCES:
  ffmpeg_kit_flutter_new:
    :path: ".symlinks/plugins/ffmpeg_kit_flutter_new/ios"
  Flutter:
    :path: Flutter
  gallery_saver_plus:
    :path: ".symlinks/plugins/gallery_saver_plus/ios"
  open_file_ios:
    :path: ".symlinks/plugins/open_file_ios/ios"
  permission_handler_apple:
    :path: ".symlinks/plugins/permission_handler_apple/ios"
  video_thumbnail:
    :path: ".symlinks/plugins/video_thumbnail/ios"

SPEC CHECKSUMS:
  ffmpeg_kit_flutter_new: fd5914d838ca5791b32805e3b0c545a99ab96c15
  Flutter: cabc95a1d2626b1b06e7179b784ebcf0c0cde467
  gallery_saver_plus: 61c8a831d5975e2bf57f87bcd64379dcc7d29ff2
  libwebp: 02b23773aedb6ff1fd38cec7a77b81414c6842a8
  open_file_ios: 46184d802ee7959203f6392abcfa0dd49fdb5be0
  permission_handler_apple: 4ed2196e43d0651e8ff7ca3483a069d469701f2d
  video_thumbnail: b637e0ad5f588ca9945f6e2c927f73a69a661140

PODFILE CHECKSUM: 6fa773d29b418a5233ebcfa6b6c6098065c1d0d5

COCOAPODS: 1.16.2
